<?xml version="1.0" encoding="utf-8"?>
<Project ToolsVersion="4.0" xmlns="http://schemas.microsoft.com/developer/msbuild/2003">
  <ItemGroup>
    <Filter Include="tools">
      <UniqueIdentifier>{36DF7010-A2F3-98C1-6B75-3C21D74895F2}</UniqueIdentifier>
    </Filter>
  </ItemGroup>
  <ItemGroup>
    <ClInclude Include="src\Application.h" />
    <ClInclude Include="src\Bitmap.h" />
    <ClInclude Include="src\BitmapHeader.h" />
    <ClInclude Include="src\Mandelbrot.h" />
    <ClInclude Include="src\ZoomList.h" />
    <ClInclude Include="src\fpch.h" />
    <ClInclude Include="src\tools\AllocationTracker.h">
      <Filter>tools</Filter>
    </ClInclude>
    <ClInclude Include="src\tools\Log.h">
      <Filter>tools</Filter>
    </ClInclude>
    <ClInclude Include="src\tools\Timer.h">
      <Filter>tools</Filter>
    </ClInclude>
  </ItemGroup>
  <ItemGroup>
    <ClCompile Include="src\Application.cpp" />
    <ClCompile Include="src\Bitmap.cpp" />
    <ClCompile Include="src\Mandelbrot.cpp" />
    <ClCompile Include="src\ZoomList.cpp" />
    <ClCompile Include="src\fpch.cpp" />
    <ClCompile Include="src\tools\Log.cpp">
      <Filter>tools</Filter>
    </ClCompile>
  </ItemGroup>
</Project>